
Microsoft Visual Studio Solution File, Format Version 12.00
# Visual Studio Version 16
VisualStudioVersion = 16.0.809.0
MinimumVisualStudioVersion = 10.0.40219.1
Project("{FAE04EC0-301F-11D3-BF4B-00C04F79EFBC}") = "Assembly-CSharp", "Assembly-CSharp.csproj", "{D1A212AE-80C7-5165-078B-F31D3C6F0B3B}"
EndProject
Global
	GlobalSection(SolutionConfigurationPlatforms) = preSolution
		Debug|Any CPU = Debug|Any CPU
		Release|Any CPU = Release|Any CPU
	EndGlobalSection
	GlobalSection(ProjectConfigurationPlatforms) = postSolution
		{D1A212AE-80C7-5165-078B-F31D3C6F0B3B}.Debug|Any CPU.ActiveCfg = Debug|Any CPU
		{D1A212AE-80C7-5165-078B-F31D3C6F0B3B}.Debug|Any CPU.Build.0 = Debug|Any CPU
		{D1A212AE-80C7-5165-078B-F31D3C6F0B3B}.Release|Any CPU.ActiveCfg = Release|Any CPU
		{D1A212AE-80C7-5165-078B-F31D3C6F0B3B}.Release|Any CPU.Build.0 = Release|Any CPU
	EndGlobalSection
	GlobalSection(SolutionProperties) = preSolution
		HideSolutionNode = FALSE
	EndGlobalSection
	GlobalSection(ExtensibilityGlobals) = postSolution
		SolutionGuid = {360A3DB0-6B62-43AD-A2C3-ECA7932D83C0}
	EndGlobalSection
EndGlobal
